
Microsoft Visual Studio Solution File, Format Version 12.00
# Visual Studio Version 17
VisualStudioVersion = 17.8.34316.72
MinimumVisualStudioVersion = 10.0.40219.1
Project("{FAE04EC0-301F-11D3-BF4B-00C04F79EFBC}") = "ai.scratchpad", "src\ai.scratchpad\ai.scratchpad.csproj", "{1B04DCBB-0C09-46B9-BC0B-01CB31D475D6}"
EndProject
Global
	GlobalSection(SolutionConfigurationPlatforms) = preSolution
		Debug|Any CPU = Debug|Any CPU
		Release|Any CPU = Release|Any CPU
	EndGlobalSection
	GlobalSection(ProjectConfigurationPlatforms) = postSolution
		{1B04DCBB-0C09-46B9-BC0B-01CB31D475D6}.Debug|Any CPU.ActiveCfg = Debug|Any CPU
		{1B04DCBB-0C09-46B9-BC0B-01CB31D475D6}.Debug|Any CPU.Build.0 = Debug|Any CPU
		{1B04DCBB-0C09-46B9-BC0B-01CB31D475D6}.Release|Any CPU.ActiveCfg = Release|Any CPU
		{1B04DCBB-0C09-46B9-BC0B-01CB31D475D6}.Release|Any CPU.Build.0 = Release|Any CPU
	EndGlobalSection
	GlobalSection(SolutionProperties) = preSolution
		HideSolutionNode = FALSE
	EndGlobalSection
	GlobalSection(ExtensibilityGlobals) = postSolution
		SolutionGuid = {4FC78611-6E71-49C7-9D66-1EB650FEC3EA}
	EndGlobalSection
EndGlobal
